
Microsoft Visual Studio Solution File, Format Version 12.00
# Visual Studio Version 17
VisualStudioVersion = 17.1.32407.343
MinimumVisualStudioVersion = 10.0.40219.1
Project("{FAE04EC0-301F-11D3-BF4B-00C04F79EFBC}") = "MvcBlogSitesi", "MvcBlogSitesi\MvcBlogSitesi.csproj", "{B8951FDF-6A95-487A-9B07-DF749465D6BF}"
EndProject
Project("{FAE04EC0-301F-11D3-BF4B-00C04F79EFBC}") = "EntityLayer", "EntityLayer\EntityLayer.csproj", "{C6282942-CFAF-4956-9B20-101B494496A5}"
EndProject
Project("{FAE04EC0-301F-11D3-BF4B-00C04F79EFBC}") = "DataAccessLayer", "DataAccessLayer\DataAccessLayer.csproj", "{96EBCE07-21FC-4A3F-BC87-D48291AB440A}"
EndProject
Project("{FAE04EC0-301F-11D3-BF4B-00C04F79EFBC}") = "BusinessLayer", "BusinessLayer\BusinessLayer.csproj", "{6F6F9420-106C-4945-8105-717B60F8CB87}"
EndProject
Global
	GlobalSection(SolutionConfigurationPlatforms) = preSolution
		Debug|Any CPU = Debug|Any CPU
		Release|Any CPU = Release|Any CPU
	EndGlobalSection
	GlobalSection(ProjectConfigurationPlatforms) = postSolution
		{B8951FDF-6A95-487A-9B07-DF749465D6BF}.Debug|Any CPU.ActiveCfg = Debug|Any CPU
		{B8951FDF-6A95-487A-9B07-DF749465D6BF}.Debug|Any CPU.Build.0 = Debug|Any CPU
		{B8951FDF-6A95-487A-9B07-DF749465D6BF}.Release|Any CPU.ActiveCfg = Release|Any CPU
		{B8951FDF-6A95-487A-9B07-DF749465D6BF}.Release|Any CPU.Build.0 = Release|Any CPU
		{C6282942-CFAF-4956-9B20-101B494496A5}.Debug|Any CPU.ActiveCfg = Debug|Any CPU
		{C6282942-CFAF-4956-9B20-101B494496A5}.Debug|Any CPU.Build.0 = Debug|Any CPU
		{C6282942-CFAF-4956-9B20-101B494496A5}.Release|Any CPU.ActiveCfg = Release|Any CPU
		{C6282942-CFAF-4956-9B20-101B494496A5}.Release|Any CPU.Build.0 = Release|Any CPU
		{96EBCE07-21FC-4A3F-BC87-D48291AB440A}.Debug|Any CPU.ActiveCfg = Debug|Any CPU
		{96EBCE07-21FC-4A3F-BC87-D48291AB440A}.Debug|Any CPU.Build.0 = Debug|Any CPU
		{96EBCE07-21FC-4A3F-BC87-D48291AB440A}.Release|Any CPU.ActiveCfg = Release|Any CPU
		{96EBCE07-21FC-4A3F-BC87-D48291AB440A}.Release|Any CPU.Build.0 = Release|Any CPU
		{6F6F9420-106C-4945-8105-717B60F8CB87}.Debug|Any CPU.ActiveCfg = Debug|Any CPU
		{6F6F9420-106C-4945-8105-717B60F8CB87}.Debug|Any CPU.Build.0 = Debug|Any CPU
		{6F6F9420-106C-4945-8105-717B60F8CB87}.Release|Any CPU.ActiveCfg = Release|Any CPU
		{6F6F9420-106C-4945-8105-717B60F8CB87}.Release|Any CPU.Build.0 = Release|Any CPU
	EndGlobalSection
	GlobalSection(SolutionProperties) = preSolution
		HideSolutionNode = FALSE
	EndGlobalSection
	GlobalSection(ExtensibilityGlobals) = postSolution
		SolutionGuid = {7D8AC35E-FECA-45B2-AD95-ED5589879BEB}
	EndGlobalSection
EndGlobal
